
Microsoft Visual Studio Solution File, Format Version 12.00
# Visual Studio Version 17
VisualStudioVersion = 17.5.002.0
MinimumVisualStudioVersion = 10.0.40219.1
Project("{9A19103F-16F7-4668-BE54-9A1E7A4F7556}") = "grocery-splitter-blazor", "grocery-splitter-blazor.csproj", "{EA8D24B8-49FA-40B8-9213-E6DED93EE61C}"
EndProject
Global
	GlobalSection(SolutionConfigurationPlatforms) = preSolution
		Debug|Any CPU = Debug|Any CPU
		Release|Any CPU = Release|Any CPU
	EndGlobalSection
	GlobalSection(ProjectConfigurationPlatforms) = postSolution
		{EA8D24B8-49FA-40B8-9213-E6DED93EE61C}.Debug|Any CPU.ActiveCfg = Debug|Any CPU
		{EA8D24B8-49FA-40B8-9213-E6DED93EE61C}.Debug|Any CPU.Build.0 = Debug|Any CPU
		{EA8D24B8-49FA-40B8-9213-E6DED93EE61C}.Release|Any CPU.ActiveCfg = Release|Any CPU
		{EA8D24B8-49FA-40B8-9213-E6DED93EE61C}.Release|Any CPU.Build.0 = Release|Any CPU
	EndGlobalSection
	GlobalSection(SolutionProperties) = preSolution
		HideSolutionNode = FALSE
	EndGlobalSection
	GlobalSection(ExtensibilityGlobals) = postSolution
		SolutionGuid = {CB1D4400-4790-46B4-82D6-7F494B078E2C}
	EndGlobalSection
EndGlobal
